
Microsoft Visual Studio Solution File, Format Version 12.00
# Visual Studio Version 17
VisualStudioVersion = 17.4.33205.214
MinimumVisualStudioVersion = 10.0.40219.1
Project("{FAE04EC0-301F-11D3-BF4B-00C04F79EFBC}") = "eTickets", "eTickets\eTickets.csproj", "{82307AB8-BBBF-49F5-86C5-201D03991718}"
EndProject
Global
	GlobalSection(SolutionConfigurationPlatforms) = preSolution
		Debug|Any CPU = Debug|Any CPU
		Release|Any CPU = Release|Any CPU
	EndGlobalSection
	GlobalSection(ProjectConfigurationPlatforms) = postSolution
		{82307AB8-BBBF-49F5-86C5-201D03991718}.Debug|Any CPU.ActiveCfg = Debug|Any CPU
		{82307AB8-BBBF-49F5-86C5-201D03991718}.Debug|Any CPU.Build.0 = Debug|Any CPU
		{82307AB8-BBBF-49F5-86C5-201D03991718}.Release|Any CPU.ActiveCfg = Release|Any CPU
		{82307AB8-BBBF-49F5-86C5-201D03991718}.Release|Any CPU.Build.0 = Release|Any CPU
	EndGlobalSection
	GlobalSection(SolutionProperties) = preSolution
		HideSolutionNode = FALSE
	EndGlobalSection
	GlobalSection(ExtensibilityGlobals) = postSolution
		SolutionGuid = {3FAB35DB-B8B5-46C1-B14E-F5CEFE37CBB7}
	EndGlobalSection
EndGlobal
